// !$*UTF8*$!
{
	archiveVersion = 1;
	classes = {
	};
	objectVersion = 50;
	objects = {

/* Begin PBXBuildFile section */
		6E9B46E42143FEF7006C6108 /* MDConfig.plist in Resources */ = {isa = PBXBuildFile; fileRef = 6E9B46E32143FEF7006C6108 /* MDConfig.plist */; };
		6E9B46EE2143FEF7006C6108 /* libQQDylib.dylib in CopyFiles */ = {isa = PBXBuildFile; fileRef = 6E9B46ED2143FEF7006C6108 /* libQQDylib.dylib */; settings = {ATTRIBUTES = (CodeSignOnCopy, ); }; };
		6E9B46F32143FEF7006C6108 /* JavaScriptCore.framework in Frameworks */ = {isa = PBXBuildFile; fileRef = 6E9B46F22143FEF7006C6108 /* JavaScriptCore.framework */; };
		6E9B46F52143FEF7006C6108 /* Foundation.framework in Frameworks */ = {isa = PBXBuildFile; fileRef = 6E9B46F42143FEF7006C6108 /* Foundation.framework */; };
		6E9B46F72143FEF7006C6108 /* UIKit.framework in Frameworks */ = {isa = PBXBuildFile; fileRef = 6E9B46F62143FEF7006C6108 /* UIKit.framework */; };
		6E9B46FC2143FEF7006C6108 /* QQDylib.mm in Sources */ = {isa = PBXBuildFile; fileRef = 6E9B46FB2143FEF7006C6108 /* QQDylib.mm */; };
		6E9B46FF2143FEF7006C6108 /* MDConfigManager.h in Headers */ = {isa = PBXBuildFile; fileRef = 6E9B46FE2143FEF7006C6108 /* MDConfigManager.h */; };
		6E9B47012143FEF7006C6108 /* MDConfigManager.m in Sources */ = {isa = PBXBuildFile; fileRef = 6E9B47002143FEF7006C6108 /* MDConfigManager.m */; };
		6E9B47032143FEF7006C6108 /* MDCycriptManager.h in Headers */ = {isa = PBXBuildFile; fileRef = 6E9B47022143FEF7006C6108 /* MDCycriptManager.h */; };
		6E9B47052143FEF7006C6108 /* MDCycriptManager.m in Sources */ = {isa = PBXBuildFile; fileRef = 6E9B47042143FEF7006C6108 /* MDCycriptManager.m */; };
		6E9B47072143FEF7006C6108 /* MDMethodTrace.h in Headers */ = {isa = PBXBuildFile; fileRef = 6E9B47062143FEF7006C6108 /* MDMethodTrace.h */; };
		6E9B47092143FEF7006C6108 /* MDMethodTrace.m in Sources */ = {isa = PBXBuildFile; fileRef = 6E9B47082143FEF7006C6108 /* MDMethodTrace.m */; };
		6E9B470B2143FEF7006C6108 /* ANYMethodLog.h in Headers */ = {isa = PBXBuildFile; fileRef = 6E9B470A2143FEF7006C6108 /* ANYMethodLog.h */; };
		6E9B470D2143FEF7006C6108 /* ANYMethodLog.m in Sources */ = {isa = PBXBuildFile; fileRef = 6E9B470C2143FEF7006C6108 /* ANYMethodLog.m */; };
		6E9B47102143FEF7006C6108 /* LLDBTools.h in Headers */ = {isa = PBXBuildFile; fileRef = 6E9B470F2143FEF7006C6108 /* LLDBTools.h */; };
		6E9B47122143FEF7006C6108 /* LLDBTools.mm in Sources */ = {isa = PBXBuildFile; fileRef = 6E9B47112143FEF7006C6108 /* LLDBTools.mm */; };
		6E9B47172143FEF7006C6108 /* AntiAntiDebug.m in Sources */ = {isa = PBXBuildFile; fileRef = 6E9B47162143FEF7006C6108 /* AntiAntiDebug.m */; };
		6E9B471A2143FEF7006C6108 /* fishhook.c in Sources */ = {isa = PBXBuildFile; fileRef = 6E9B47192143FEF7006C6108 /* fishhook.c */; };
		6E9B471C2143FEF7006C6108 /* fishhook.h in Headers */ = {isa = PBXBuildFile; fileRef = 6E9B471B2143FEF7006C6108 /* fishhook.h */; };
		6E9B471E2143FEF7006C6108 /* QQDylib.h in Headers */ = {isa = PBXBuildFile; fileRef = 6E9B471D2143FEF7006C6108 /* QQDylib.h */; };
		6E9B47202143FEF7006C6108 /* QQDylib.m in Sources */ = {isa = PBXBuildFile; fileRef = 6E9B471F2143FEF7006C6108 /* QQDylib.m */; };
		6E9B473B2143FFF5006C6108 /* ESQQRedEnvelope.m in Sources */ = {isa = PBXBuildFile; fileRef = 6E9B47322143FFF5006C6108 /* ESQQRedEnvelope.m */; };
		6E9B473C2143FFF5006C6108 /* ESQQRedEnvelope.h in Headers */ = {isa = PBXBuildFile; fileRef = 6E9B47332143FFF5006C6108 /* ESQQRedEnvelope.h */; };
		6E9B473D2143FFF5006C6108 /* ESQQPlugin.h in Headers */ = {isa = PBXBuildFile; fileRef = 6E9B47342143FFF5006C6108 /* ESQQPlugin.h */; };
		6E9B473E2143FFF5006C6108 /* ESQQPlugin.m in Sources */ = {isa = PBXBuildFile; fileRef = 6E9B47352143FFF5006C6108 /* ESQQPlugin.m */; };
		6E9B473F2143FFF5006C6108 /* ESQQPluginSettingWindow.h in Headers */ = {isa = PBXBuildFile; fileRef = 6E9B47372143FFF5006C6108 /* ESQQPluginSettingWindow.h */; };
		6E9B47402143FFF5006C6108 /* ESQQPluginSettingViewController.m in Sources */ = {isa = PBXBuildFile; fileRef = 6E9B47382143FFF5006C6108 /* ESQQPluginSettingViewController.m */; };
		6E9B47412143FFF5006C6108 /* ESQQPluginSettingWindow.m in Sources */ = {isa = PBXBuildFile; fileRef = 6E9B47392143FFF5006C6108 /* ESQQPluginSettingWindow.m */; };
		6E9B47422143FFF5006C6108 /* ESQQPluginSettingViewController.h in Headers */ = {isa = PBXBuildFile; fileRef = 6E9B473A2143FFF5006C6108 /* ESQQPluginSettingViewController.h */; };
/* End PBXBuildFile section */

/* Begin PBXContainerItemProxy section */
		6E9B46EF2143FEF7006C6108 /* PBXContainerItemProxy */ = {
			isa = PBXContainerItemProxy;
			containerPortal = 6E9B46D02143FEF7006C6108 /* Project object */;
			proxyType = 1;
			remoteGlobalIDString = 6E9B46EC2143FEF7006C6108;
			remoteInfo = QQDylib;
		};
/* End PBXContainerItemProxy section */

/* Begin PBXCopyFilesBuildPhase section */
		6E9B46D82143FEF7006C6108 /* CopyFiles */ = {
			isa = PBXCopyFilesBuildPhase;
			buildActionMask = 2147483647;
			dstPath = "";
			dstSubfolderSpec = 10;
			files = (
				6E9B46EE2143FEF7006C6108 /* libQQDylib.dylib in CopyFiles */,
			);
			runOnlyForDeploymentPostprocessing = 0;
		};
/* End PBXCopyFilesBuildPhase section */

/* Begin PBXFileReference section */
		6E9B46DB2143FEF7006C6108 /* QQ.app */ = {isa = PBXFileReference; explicitFileType = wrapper.application; includeInIndex = 0; path = QQ.app; sourceTree = BUILT_PRODUCTS_DIR; };
		6E9B46DE2143FEF7006C6108 /* icon.png */ = {isa = PBXFileReference; lastKnownFileType = image.png; path = icon.png; sourceTree = "<group>"; };
		6E9B46DF2143FEF7006C6108 /* Target.plist */ = {isa = PBXFileReference; lastKnownFileType = text.plist.xml; path = Target.plist; sourceTree = "<group>"; };
		6E9B46E12143FEF7006C6108 /* quick-resign.sh */ = {isa = PBXFileReference; lastKnownFileType = text.script.sh; name = "quick-resign.sh"; path = "Scripts/quick-resign.sh"; sourceTree = "<group>"; };
		6E9B46E32143FEF7006C6108 /* MDConfig.plist */ = {isa = PBXFileReference; lastKnownFileType = text.plist.xml; name = MDConfig.plist; path = Config/MDConfig.plist; sourceTree = "<group>"; };
		6E9B46E62143FEF7006C6108 /* put ipa or app here */ = {isa = PBXFileReference; lastKnownFileType = text; name = "put ipa or app here"; path = "TargetApp/put ipa or app here"; sourceTree = "<group>"; };
		6E9B46E72143FEF7006C6108 /* Info.plist */ = {isa = PBXFileReference; lastKnownFileType = text.plist.xml; path = Info.plist; sourceTree = "<group>"; };
		6E9B46ED2143FEF7006C6108 /* libQQDylib.dylib */ = {isa = PBXFileReference; explicitFileType = "compiled.mach-o.dylib"; includeInIndex = 0; path = libQQDylib.dylib; sourceTree = BUILT_PRODUCTS_DIR; };
		6E9B46F22143FEF7006C6108 /* JavaScriptCore.framework */ = {isa = PBXFileReference; lastKnownFileType = wrapper.framework; name = JavaScriptCore.framework; path = System/Library/Frameworks/JavaScriptCore.framework; sourceTree = SDKROOT; };
		6E9B46F42143FEF7006C6108 /* Foundation.framework */ = {isa = PBXFileReference; lastKnownFileType = wrapper.framework; name = Foundation.framework; path = System/Library/Frameworks/Foundation.framework; sourceTree = SDKROOT; };
		6E9B46F62143FEF7006C6108 /* UIKit.framework */ = {isa = PBXFileReference; lastKnownFileType = wrapper.framework; name = UIKit.framework; path = System/Library/Frameworks/UIKit.framework; sourceTree = SDKROOT; };
		6E9B46FA2143FEF7006C6108 /* QQDylib.xm */ = {isa = PBXFileReference; lastKnownFileType = text; name = QQDylib.xm; path = Logos/QQDylib.xm; sourceTree = "<group>"; };
		6E9B46FB2143FEF7006C6108 /* QQDylib.mm */ = {isa = PBXFileReference; lastKnownFileType = sourcecode.cpp.objcpp; name = QQDylib.mm; path = Logos/QQDylib.mm; sourceTree = "<group>"; };
		6E9B46FE2143FEF7006C6108 /* MDConfigManager.h */ = {isa = PBXFileReference; lastKnownFileType = sourcecode.c.h; name = MDConfigManager.h; path = Config/MDConfigManager.h; sourceTree = "<group>"; };
		6E9B47002143FEF7006C6108 /* MDConfigManager.m */ = {isa = PBXFileReference; lastKnownFileType = sourcecode.c.objc; name = MDConfigManager.m; path = Config/MDConfigManager.m; sourceTree = "<group>"; };
		6E9B47022143FEF7006C6108 /* MDCycriptManager.h */ = {isa = PBXFileReference; lastKnownFileType = sourcecode.c.h; name = MDCycriptManager.h; path = Config/MDCycriptManager.h; sourceTree = "<group>"; };
		6E9B47042143FEF7006C6108 /* MDCycriptManager.m */ = {isa = PBXFileReference; lastKnownFileType = sourcecode.c.objc; name = MDCycriptManager.m; path = Config/MDCycriptManager.m; sourceTree = "<group>"; };
		6E9B47062143FEF7006C6108 /* MDMethodTrace.h */ = {isa = PBXFileReference; lastKnownFileType = sourcecode.c.h; name = MDMethodTrace.h; path = Config/MDMethodTrace.h; sourceTree = "<group>"; };
		6E9B47082143FEF7006C6108 /* MDMethodTrace.m */ = {isa = PBXFileReference; lastKnownFileType = sourcecode.c.objc; name = MDMethodTrace.m; path = Config/MDMethodTrace.m; sourceTree = "<group>"; };
		6E9B470A2143FEF7006C6108 /* ANYMethodLog.h */ = {isa = PBXFileReference; lastKnownFileType = sourcecode.c.h; name = ANYMethodLog.h; path = Config/ANYMethodLog.h; sourceTree = "<group>"; };
		6E9B470C2143FEF7006C6108 /* ANYMethodLog.m */ = {isa = PBXFileReference; lastKnownFileType = sourcecode.c.objc; name = ANYMethodLog.m; path = Config/ANYMethodLog.m; sourceTree = "<group>"; };
		6E9B470F2143FEF7006C6108 /* LLDBTools.h */ = {isa = PBXFileReference; lastKnownFileType = sourcecode.c.h; name = LLDBTools.h; path = Tools/LLDBTools.h; sourceTree = "<group>"; };
		6E9B47112143FEF7006C6108 /* LLDBTools.mm */ = {isa = PBXFileReference; lastKnownFileType = sourcecode.cpp.objcpp; name = LLDBTools.mm; path = Tools/LLDBTools.mm; sourceTree = "<group>"; };
		6E9B47142143FEF7006C6108 /* QQDylib-Prefix.pch */ = {isa = PBXFileReference; lastKnownFileType = sourcecode.c.h; path = "QQDylib-Prefix.pch"; sourceTree = "<group>"; };
		6E9B47162143FEF7006C6108 /* AntiAntiDebug.m */ = {isa = PBXFileReference; lastKnownFileType = sourcecode.c.objc; name = AntiAntiDebug.m; path = AntiAntiDebug/AntiAntiDebug.m; sourceTree = "<group>"; };
		6E9B47192143FEF7006C6108 /* fishhook.c */ = {isa = PBXFileReference; lastKnownFileType = sourcecode.c.c; name = fishhook.c; path = fishhook/fishhook.c; sourceTree = "<group>"; };
		6E9B471B2143FEF7006C6108 /* fishhook.h */ = {isa = PBXFileReference; lastKnownFileType = sourcecode.c.h; name = fishhook.h; path = fishhook/fishhook.h; sourceTree = "<group>"; };
		6E9B471D2143FEF7006C6108 /* QQDylib.h */ = {isa = PBXFileReference; lastKnownFileType = sourcecode.c.h; path = QQDylib.h; sourceTree = "<group>"; };
		6E9B471F2143FEF7006C6108 /* QQDylib.m */ = {isa = PBXFileReference; lastKnownFileType = sourcecode.c.objc; path = QQDylib.m; sourceTree = "<group>"; };
		6E9B47322143FFF5006C6108 /* ESQQRedEnvelope.m */ = {isa = PBXFileReference; fileEncoding = 4; lastKnownFileType = sourcecode.c.objc; path = ESQQRedEnvelope.m; sourceTree = "<group>"; };
		6E9B47332143FFF5006C6108 /* ESQQRedEnvelope.h */ = {isa = PBXFileReference; fileEncoding = 4; lastKnownFileType = sourcecode.c.h; path = ESQQRedEnvelope.h; sourceTree = "<group>"; };
		6E9B47342143FFF5006C6108 /* ESQQPlugin.h */ = {isa = PBXFileReference; fileEncoding = 4; lastKnownFileType = sourcecode.c.h; path = ESQQPlugin.h; sourceTree = "<group>"; };
		6E9B47352143FFF5006C6108 /* ESQQPlugin.m */ = {isa = PBXFileReference; fileEncoding = 4; lastKnownFileType = sourcecode.c.objc; path = ESQQPlugin.m; sourceTree = "<group>"; };
		6E9B47372143FFF5006C6108 /* ESQQPluginSettingWindow.h */ = {isa = PBXFileReference; fileEncoding = 4; lastKnownFileType = sourcecode.c.h; path = ESQQPluginSettingWindow.h; sourceTree = "<group>"; };
		6E9B47382143FFF5006C6108 /* ESQQPluginSettingViewController.m */ = {isa = PBXFileReference; fileEncoding = 4; lastKnownFileType = sourcecode.c.objc; path = ESQQPluginSettingViewController.m; sourceTree = "<group>"; };
		6E9B47392143FFF5006C6108 /* ESQQPluginSettingWindow.m */ = {isa = PBXFileReference; fileEncoding = 4; lastKnownFileType = sourcecode.c.objc; path = ESQQPluginSettingWindow.m; sourceTree = "<group>"; };
		6E9B473A2143FFF5006C6108 /* ESQQPluginSettingViewController.h */ = {isa = PBXFileReference; fileEncoding = 4; lastKnownFileType = sourcecode.c.h; path = ESQQPluginSettingViewController.h; sourceTree = "<group>"; };
/* End PBXFileReference section */

/* Begin PBXFrameworksBuildPhase section */
		6E9B46D52143FEF7006C6108 /* Frameworks */ = {
			isa = PBXFrameworksBuildPhase;
			buildActionMask = 2147483647;
			files = (
			);
			runOnlyForDeploymentPostprocessing = 0;
		};
		6E9B46EA2143FEF7006C6108 /* Frameworks */ = {
			isa = PBXFrameworksBuildPhase;
			buildActionMask = 2147483647;
			files = (
				6E9B46F32143FEF7006C6108 /* JavaScriptCore.framework in Frameworks */,
				6E9B46F72143FEF7006C6108 /* UIKit.framework in Frameworks */,
				6E9B46F52143FEF7006C6108 /* Foundation.framework in Frameworks */,
			);
			runOnlyForDeploymentPostprocessing = 0;
		};
/* End PBXFrameworksBuildPhase section */

/* Begin PBXGroup section */
		6E9B46CF2143FEF7006C6108 = {
			isa = PBXGroup;
			children = (
				6E9B47302143FFF5006C6108 /* Source */,
				6E9B46DD2143FEF7006C6108 /* QQ */,
				6E9B46F82143FEF7006C6108 /* QQDylib */,
				6E9B46F12143FEF7006C6108 /* Frameworks */,
				6E9B46DC2143FEF7006C6108 /* Products */,
			);
			sourceTree = "<group>";
		};
		6E9B46DC2143FEF7006C6108 /* Products */ = {
			isa = PBXGroup;
			children = (
				6E9B46DB2143FEF7006C6108 /* QQ.app */,
				6E9B46ED2143FEF7006C6108 /* libQQDylib.dylib */,
			);
			name = Products;
			sourceTree = "<group>";
		};
		6E9B46DD2143FEF7006C6108 /* QQ */ = {
			isa = PBXGroup;
			children = (
				6E9B46DE2143FEF7006C6108 /* icon.png */,
				6E9B46DF2143FEF7006C6108 /* Target.plist */,
				6E9B46E72143FEF7006C6108 /* Info.plist */,
				6E9B46E02143FEF7006C6108 /* Scripts */,
				6E9B46E22143FEF7006C6108 /* Config */,
				6E9B46E52143FEF7006C6108 /* TargetApp */,
			);
			path = QQ;
			sourceTree = "<group>";
		};
		6E9B46E02143FEF7006C6108 /* Scripts */ = {
			isa = PBXGroup;
			children = (
				6E9B46E12143FEF7006C6108 /* quick-resign.sh */,
			);
			name = Scripts;
			sourceTree = "<group>";
		};
		6E9B46E22143FEF7006C6108 /* Config */ = {
			isa = PBXGroup;
			children = (
				6E9B46E32143FEF7006C6108 /* MDConfig.plist */,
			);
			name = Config;
			sourceTree = "<group>";
		};
		6E9B46E52143FEF7006C6108 /* TargetApp */ = {
			isa = PBXGroup;
			children = (
				6E9B46E62143FEF7006C6108 /* put ipa or app here */,
			);
			name = TargetApp;
			sourceTree = "<group>";
		};
		6E9B46F12143FEF7006C6108 /* Frameworks */ = {
			isa = PBXGroup;
			children = (
				6E9B46F22143FEF7006C6108 /* JavaScriptCore.framework */,
				6E9B46F42143FEF7006C6108 /* Foundation.framework */,
				6E9B46F62143FEF7006C6108 /* UIKit.framework */,
			);
			name = Frameworks;
			sourceTree = "<group>";
		};
		6E9B46F82143FEF7006C6108 /* QQDylib */ = {
			isa = PBXGroup;
			children = (
				6E9B471D2143FEF7006C6108 /* QQDylib.h */,
				6E9B471F2143FEF7006C6108 /* QQDylib.m */,
				6E9B46F92143FEF7006C6108 /* Logos */,
				6E9B46FD2143FEF7006C6108 /* Config */,
				6E9B470E2143FEF7006C6108 /* Tools */,
				6E9B47152143FEF7006C6108 /* AntiAntiDebug */,
				6E9B47182143FEF7006C6108 /* fishhook */,
				6E9B47132143FEF7006C6108 /* Supporting Files */,
			);
			path = QQDylib;
			sourceTree = "<group>";
		};
		6E9B46F92143FEF7006C6108 /* Logos */ = {
			isa = PBXGroup;
			children = (
				6E9B46FA2143FEF7006C6108 /* QQDylib.xm */,
				6E9B46FB2143FEF7006C6108 /* QQDylib.mm */,
			);
			name = Logos;
			sourceTree = "<group>";
		};
		6E9B46FD2143FEF7006C6108 /* Config */ = {
			isa = PBXGroup;
			children = (
				6E9B46FE2143FEF7006C6108 /* MDConfigManager.h */,
				6E9B47002143FEF7006C6108 /* MDConfigManager.m */,
				6E9B47022143FEF7006C6108 /* MDCycriptManager.h */,
				6E9B47042143FEF7006C6108 /* MDCycriptManager.m */,
				6E9B47062143FEF7006C6108 /* MDMethodTrace.h */,
				6E9B47082143FEF7006C6108 /* MDMethodTrace.m */,
				6E9B470A2143FEF7006C6108 /* ANYMethodLog.h */,
				6E9B470C2143FEF7006C6108 /* ANYMethodLog.m */,
			);
			name = Config;
			sourceTree = "<group>";
		};
		6E9B470E2143FEF7006C6108 /* Tools */ = {
			isa = PBXGroup;
			children = (
				6E9B470F2143FEF7006C6108 /* LLDBTools.h */,
				6E9B47112143FEF7006C6108 /* LLDBTools.mm */,
			);
			name = Tools;
			sourceTree = "<group>";
		};
		6E9B47132143FEF7006C6108 /* Supporting Files */ = {
			isa = PBXGroup;
			children = (
				6E9B47142143FEF7006C6108 /* QQDylib-Prefix.pch */,
			);
			name = "Supporting Files";
			sourceTree = "<group>";
		};
		6E9B47152143FEF7006C6108 /* AntiAntiDebug */ = {
			isa = PBXGroup;
			children = (
				6E9B47162143FEF7006C6108 /* AntiAntiDebug.m */,
			);
			name = AntiAntiDebug;
			sourceTree = "<group>";
		};
		6E9B47182143FEF7006C6108 /* fishhook */ = {
			isa = PBXGroup;
			children = (
				6E9B47192143FEF7006C6108 /* fishhook.c */,
				6E9B471B2143FEF7006C6108 /* fishhook.h */,
			);
			name = fishhook;
			sourceTree = "<group>";
		};
		6E9B47302143FFF5006C6108 /* Source */ = {
			isa = PBXGroup;
			children = (
				6E9B47362143FFF5006C6108 /* Setting */,
				6E9B47312143FFF5006C6108 /* RedEnvelope */,
				6E9B47342143FFF5006C6108 /* ESQQPlugin.h */,
				6E9B47352143FFF5006C6108 /* ESQQPlugin.m */,
			);
			path = Source;
			sourceTree = "<group>";
		};
		6E9B47312143FFF5006C6108 /* RedEnvelope */ = {
			isa = PBXGroup;
			children = (
				6E9B47332143FFF5006C6108 /* ESQQRedEnvelope.h */,
				6E9B47322143FFF5006C6108 /* ESQQRedEnvelope.m */,
			);
			path = RedEnvelope;
			sourceTree = "<group>";
		};
		6E9B47362143FFF5006C6108 /* Setting */ = {
			isa = PBXGroup;
			children = (
				6E9B47372143FFF5006C6108 /* ESQQPluginSettingWindow.h */,
				6E9B47392143FFF5006C6108 /* ESQQPluginSettingWindow.m */,
				6E9B47382143FFF5006C6108 /* ESQQPluginSettingViewController.m */,
				6E9B473A2143FFF5006C6108 /* ESQQPluginSettingViewController.h */,
			);
			path = Setting;
			sourceTree = "<group>";
		};
/* End PBXGroup section */

/* Begin PBXHeadersBuildPhase section */
		6E9B46EB2143FEF7006C6108 /* Headers */ = {
			isa = PBXHeadersBuildPhase;
			buildActionMask = 2147483647;
			files = (
				6E9B47422143FFF5006C6108 /* ESQQPluginSettingViewController.h in Headers */,
				6E9B47032143FEF7006C6108 /* MDCycriptManager.h in Headers */,
				6E9B471E2143FEF7006C6108 /* QQDylib.h in Headers */,
				6E9B473F2143FFF5006C6108 /* ESQQPluginSettingWindow.h in Headers */,
				6E9B473C2143FFF5006C6108 /* ESQQRedEnvelope.h in Headers */,
				6E9B473D2143FFF5006C6108 /* ESQQPlugin.h in Headers */,
				6E9B47072143FEF7006C6108 /* MDMethodTrace.h in Headers */,
				6E9B47102143FEF7006C6108 /* LLDBTools.h in Headers */,
				6E9B46FF2143FEF7006C6108 /* MDConfigManager.h in Headers */,
				6E9B470B2143FEF7006C6108 /* ANYMethodLog.h in Headers */,
				6E9B471C2143FEF7006C6108 /* fishhook.h in Headers */,
			);
			runOnlyForDeploymentPostprocessing = 0;
		};
/* End PBXHeadersBuildPhase section */

/* Begin PBXNativeTarget section */
		6E9B46DA2143FEF7006C6108 /* QQ */ = {
			isa = PBXNativeTarget;
			buildConfigurationList = 6E9B47262143FEF7006C6108 /* Build configuration list for PBXNativeTarget "QQ" */;
			buildPhases = (
				6E9B46D42143FEF7006C6108 /* Sources */,
				6E9B46D52143FEF7006C6108 /* Frameworks */,
				6E9B46D62143FEF7006C6108 /* ShellScript */,
				6E9B46D72143FEF7006C6108 /* Resources */,
				6E9B46D82143FEF7006C6108 /* CopyFiles */,
				6E9B46D92143FEF7006C6108 /* ShellScript */,
			);
			buildRules = (
			);
			dependencies = (
				6E9B46F02143FEF7006C6108 /* PBXTargetDependency */,
			);
			name = QQ;
			productName = QQ;
			productReference = 6E9B46DB2143FEF7006C6108 /* QQ.app */;
			productType = "com.apple.product-type.application";
		};
		6E9B46EC2143FEF7006C6108 /* QQDylib */ = {
			isa = PBXNativeTarget;
			buildConfigurationList = 6E9B47232143FEF7006C6108 /* Build configuration list for PBXNativeTarget "QQDylib" */;
			buildPhases = (
				6E9B46E82143FEF7006C6108 /* ShellScript */,
				6E9B46E92143FEF7006C6108 /* Sources */,
				6E9B46EA2143FEF7006C6108 /* Frameworks */,
				6E9B46EB2143FEF7006C6108 /* Headers */,
			);
			buildRules = (
			);
			dependencies = (
			);
			name = QQDylib;
			productName = QQDylib;
			productReference = 6E9B46ED2143FEF7006C6108 /* libQQDylib.dylib */;
			productType = "com.apple.product-type.library.dynamic";
		};
/* End PBXNativeTarget section */

/* Begin PBXProject section */
		6E9B46D02143FEF7006C6108 /* Project object */ = {
			isa = PBXProject;
			attributes = {
				LastUpgradeCheck = 0940;
				ORGANIZATIONNAME = "晨风";
				TargetAttributes = {
					6E9B46DA2143FEF7006C6108 = {
						CreatedOnToolsVersion = 9.4.1;
					};
					6E9B46EC2143FEF7006C6108 = {
						CreatedOnToolsVersion = 9.4.1;
					};
				};
			};
			buildConfigurationList = 6E9B46D32143FEF7006C6108 /* Build configuration list for PBXProject "QQ" */;
			compatibilityVersion = "Xcode 9.3";
			developmentRegion = en;
			hasScannedForEncodings = 0;
			knownRegions = (
				en,
			);
			mainGroup = 6E9B46CF2143FEF7006C6108;
			productRefGroup = 6E9B46DC2143FEF7006C6108 /* Products */;
			projectDirPath = "";
			projectRoot = "";
			targets = (
				6E9B46DA2143FEF7006C6108 /* QQ */,
				6E9B46EC2143FEF7006C6108 /* QQDylib */,
			);
		};
/* End PBXProject section */

/* Begin PBXResourcesBuildPhase section */
		6E9B46D72143FEF7006C6108 /* Resources */ = {
			isa = PBXResourcesBuildPhase;
			buildActionMask = 2147483647;
			files = (
				6E9B46E42143FEF7006C6108 /* MDConfig.plist in Resources */,
			);
			runOnlyForDeploymentPostprocessing = 0;
		};
/* End PBXResourcesBuildPhase section */

/* Begin PBXShellScriptBuildPhase section */
		6E9B46D62143FEF7006C6108 /* ShellScript */ = {
			isa = PBXShellScriptBuildPhase;
			buildActionMask = 2147483647;
			files = (
			);
			inputPaths = (
			);
			outputPaths = (
			);
			runOnlyForDeploymentPostprocessing = 0;
			shellPath = /bin/sh;
			shellScript = /opt/MonkeyDev/Tools/pack.sh;
		};
		6E9B46D92143FEF7006C6108 /* ShellScript */ = {
			isa = PBXShellScriptBuildPhase;
			buildActionMask = 2147483647;
			files = (
			);
			inputPaths = (
			);
			outputPaths = (
			);
			runOnlyForDeploymentPostprocessing = 0;
			shellPath = /bin/sh;
			shellScript = "/opt/MonkeyDev/Tools/pack.sh codesign";
		};
		6E9B46E82143FEF7006C6108 /* ShellScript */ = {
			isa = PBXShellScriptBuildPhase;
			buildActionMask = 2147483647;
			files = (
			);
			inputPaths = (
			);
			outputPaths = (
			);
			runOnlyForDeploymentPostprocessing = 0;
			shellPath = /bin/sh;
			shellScript = "/opt/MonkeyDev/bin/md --xcbp-logos";
		};
/* End PBXShellScriptBuildPhase section */

/* Begin PBXSourcesBuildPhase section */
		6E9B46D42143FEF7006C6108 /* Sources */ = {
			isa = PBXSourcesBuildPhase;
			buildActionMask = 2147483647;
			files = (
			);
			runOnlyForDeploymentPostprocessing = 0;
		};
		6E9B46E92143FEF7006C6108 /* Sources */ = {
			isa = PBXSourcesBuildPhase;
			buildActionMask = 2147483647;
			files = (
				6E9B47052143FEF7006C6108 /* MDCycriptManager.m in Sources */,
				6E9B473B2143FFF5006C6108 /* ESQQRedEnvelope.m in Sources */,
				6E9B47202143FEF7006C6108 /* QQDylib.m in Sources */,
				6E9B470D2143FEF7006C6108 /* ANYMethodLog.m in Sources */,
				6E9B47012143FEF7006C6108 /* MDConfigManager.m in Sources */,
				6E9B47122143FEF7006C6108 /* LLDBTools.mm in Sources */,
				6E9B47402143FFF5006C6108 /* ESQQPluginSettingViewController.m in Sources */,
				6E9B46FC2143FEF7006C6108 /* QQDylib.mm in Sources */,
				6E9B47412143FFF5006C6108 /* ESQQPluginSettingWindow.m in Sources */,
				6E9B47092143FEF7006C6108 /* MDMethodTrace.m in Sources */,
				6E9B471A2143FEF7006C6108 /* fishhook.c in Sources */,
				6E9B473E2143FFF5006C6108 /* ESQQPlugin.m in Sources */,
				6E9B47172143FEF7006C6108 /* AntiAntiDebug.m in Sources */,
			);
			runOnlyForDeploymentPostprocessing = 0;
		};
/* End PBXSourcesBuildPhase section */

/* Begin PBXTargetDependency section */
		6E9B46F02143FEF7006C6108 /* PBXTargetDependency */ = {
			isa = PBXTargetDependency;
			target = 6E9B46EC2143FEF7006C6108 /* QQDylib */;
			targetProxy = 6E9B46EF2143FEF7006C6108 /* PBXContainerItemProxy */;
		};
/* End PBXTargetDependency section */

/* Begin XCBuildConfiguration section */
		6E9B47212143FEF7006C6108 /* Debug */ = {
			isa = XCBuildConfiguration;
			buildSettings = {
				ALWAYS_SEARCH_USER_PATHS = NO;
				CLANG_ANALYZER_NONNULL = YES;
				CLANG_ANALYZER_NUMBER_OBJECT_CONVERSION = YES_AGGRESSIVE;
				CLANG_CXX_LANGUAGE_STANDARD = "gnu++14";
				CLANG_CXX_LIBRARY = "libc++";
				CLANG_ENABLE_MODULES = YES;
				CLANG_ENABLE_OBJC_ARC = YES;
				CLANG_ENABLE_OBJC_WEAK = YES;
				CLANG_WARN_BLOCK_CAPTURE_AUTORELEASING = YES;
				CLANG_WARN_BOOL_CONVERSION = YES;
				CLANG_WARN_COMMA = YES;
				CLANG_WARN_CONSTANT_CONVERSION = YES;
				CLANG_WARN_DEPRECATED_OBJC_IMPLEMENTATIONS = YES;
				CLANG_WARN_DIRECT_OBJC_ISA_USAGE = YES_ERROR;
				CLANG_WARN_DOCUMENTATION_COMMENTS = YES;
				CLANG_WARN_EMPTY_BODY = YES;
				CLANG_WARN_ENUM_CONVERSION = YES;
				CLANG_WARN_INFINITE_RECURSION = YES;
				CLANG_WARN_INT_CONVERSION = YES;
				CLANG_WARN_NON_LITERAL_NULL_CONVERSION = YES;
				CLANG_WARN_OBJC_IMPLICIT_RETAIN_SELF = YES;
				CLANG_WARN_OBJC_LITERAL_CONVERSION = YES;
				CLANG_WARN_OBJC_ROOT_CLASS = YES_ERROR;
				CLANG_WARN_RANGE_LOOP_ANALYSIS = YES;
				CLANG_WARN_STRICT_PROTOTYPES = YES;
				CLANG_WARN_SUSPICIOUS_MOVE = YES;
				CLANG_WARN_UNGUARDED_AVAILABILITY = YES_AGGRESSIVE;
				CLANG_WARN_UNREACHABLE_CODE = YES;
				CLANG_WARN__DUPLICATE_METHOD_MATCH = YES;
				CODE_SIGN_IDENTITY = "iPhone Developer";
				COPY_PHASE_STRIP = NO;
				DEBUG_INFORMATION_FORMAT = dwarf;
				ENABLE_STRICT_OBJC_MSGSEND = YES;
				ENABLE_TESTABILITY = YES;
				GCC_C_LANGUAGE_STANDARD = gnu11;
				GCC_DYNAMIC_NO_PIC = NO;
				GCC_NO_COMMON_BLOCKS = YES;
				GCC_OPTIMIZATION_LEVEL = 0;
				GCC_PREPROCESSOR_DEFINITIONS = (
					"DEBUG=1",
					"$(inherited)",
				);
				GCC_WARN_64_TO_32_BIT_CONVERSION = YES;
				GCC_WARN_ABOUT_RETURN_TYPE = YES_ERROR;
				GCC_WARN_UNDECLARED_SELECTOR = YES;
				GCC_WARN_UNINITIALIZED_AUTOS = YES_AGGRESSIVE;
				GCC_WARN_UNUSED_FUNCTION = YES;
				GCC_WARN_UNUSED_VARIABLE = YES;
				IPHONEOS_DEPLOYMENT_TARGET = 8.0;
				MTL_ENABLE_DEBUG_INFO = YES;
				ONLY_ACTIVE_ARCH = YES;
				SDKROOT = iphoneos;
			};
			name = Debug;
		};
		6E9B47222143FEF7006C6108 /* Release */ = {
			isa = XCBuildConfiguration;
			buildSettings = {
				ALWAYS_SEARCH_USER_PATHS = NO;
				CLANG_ANALYZER_NONNULL = YES;
				CLANG_ANALYZER_NUMBER_OBJECT_CONVERSION = YES_AGGRESSIVE;
				CLANG_CXX_LANGUAGE_STANDARD = "gnu++14";
				CLANG_CXX_LIBRARY = "libc++";
				CLANG_ENABLE_MODULES = YES;
				CLANG_ENABLE_OBJC_ARC = YES;
				CLANG_ENABLE_OBJC_WEAK = YES;
				CLANG_WARN_BLOCK_CAPTURE_AUTORELEASING = YES;
				CLANG_WARN_BOOL_CONVERSION = YES;
				CLANG_WARN_COMMA = YES;
				CLANG_WARN_CONSTANT_CONVERSION = YES;
				CLANG_WARN_DEPRECATED_OBJC_IMPLEMENTATIONS = YES;
				CLANG_WARN_DIRECT_OBJC_ISA_USAGE = YES_ERROR;
				CLANG_WARN_DOCUMENTATION_COMMENTS = YES;
				CLANG_WARN_EMPTY_BODY = YES;
				CLANG_WARN_ENUM_CONVERSION = YES;
				CLANG_WARN_INFINITE_RECURSION = YES;
				CLANG_WARN_INT_CONVERSION = YES;
				CLANG_WARN_NON_LITERAL_NULL_CONVERSION = YES;
				CLANG_WARN_OBJC_IMPLICIT_RETAIN_SELF = YES;
				CLANG_WARN_OBJC_LITERAL_CONVERSION = YES;
				CLANG_WARN_OBJC_ROOT_CLASS = YES_ERROR;
				CLANG_WARN_RANGE_LOOP_ANALYSIS = YES;
				CLANG_WARN_STRICT_PROTOTYPES = YES;
				CLANG_WARN_SUSPICIOUS_MOVE = YES;
				CLANG_WARN_UNGUARDED_AVAILABILITY = YES_AGGRESSIVE;
				CLANG_WARN_UNREACHABLE_CODE = YES;
				CLANG_WARN__DUPLICATE_METHOD_MATCH = YES;
				CODE_SIGN_IDENTITY = "iPhone Developer";
				COPY_PHASE_STRIP = NO;
				DEBUG_INFORMATION_FORMAT = "dwarf-with-dsym";
				ENABLE_NS_ASSERTIONS = NO;
				ENABLE_STRICT_OBJC_MSGSEND = YES;
				GCC_C_LANGUAGE_STANDARD = gnu11;
				GCC_NO_COMMON_BLOCKS = YES;
				GCC_WARN_64_TO_32_BIT_CONVERSION = YES;
				GCC_WARN_ABOUT_RETURN_TYPE = YES_ERROR;
				GCC_WARN_UNDECLARED_SELECTOR = YES;
				GCC_WARN_UNINITIALIZED_AUTOS = YES_AGGRESSIVE;
				GCC_WARN_UNUSED_FUNCTION = YES;
				GCC_WARN_UNUSED_VARIABLE = YES;
				IPHONEOS_DEPLOYMENT_TARGET = 8.0;
				MTL_ENABLE_DEBUG_INFO = NO;
				SDKROOT = iphoneos;
				VALIDATE_PRODUCT = YES;
			};
			name = Release;
		};
		6E9B47242143FEF7006C6108 /* Debug */ = {
			isa = XCBuildConfiguration;
			buildSettings = {
				CODE_SIGN_STYLE = Automatic;
				DEVELOPMENT_TEAM = E8Y69BKJ78;
				DYLIB_COMPATIBILITY_VERSION = 1;
				DYLIB_CURRENT_VERSION = 1;
				ENABLE_BITCODE = NO;
				EXCLUDED_RECURSIVE_SEARCH_PATH_SUBDIRECTORIES = "*.nib *.lproj *.gch (*) .DS_Store CVS .svn .git .hg *.xcodeproj *.xcode *.pbproj *.pbxproj";
				EXECUTABLE_PREFIX = lib;
				FRAMEWORK_SEARCH_PATHS = (
					"$(inherited)",
					"$(MonkeyDevPath)/Frameworks/**",
					"$(MonkeyDevPath)/Librarys/**",
					"$(MonkeyDevTheosPath)/vendor/lib",
				);
				GCC_C_LANGUAGE_STANDARD = gnu99;
				GCC_PRECOMPILE_PREFIX_HEADER = YES;
				GCC_PREFIX_HEADER = "QQDylib/QQDylib-Prefix.pch";
				GCC_SYMBOLS_PRIVATE_EXTERN = NO;
				GCC_WARN_ABOUT_MISSING_PROTOTYPES = YES;
				GCC_WARN_ABOUT_RETURN_TYPE = YES;
				HEADER_SEARCH_PATHS = (
					"$(inherited)",
					"$(MonkeyDevPath)/include",
					"$(MonkeyDevTheosPath)/vendor/include/**",
				);
				INSTALL_PATH = "@executable_path/Frameworks/libQQDylib.dylib";
				LD_RUNPATH_SEARCH_PATHS = (
					"$(inherited)",
					"@executable_path/Frameworks",
				);
				LIBRARY_SEARCH_PATHS = (
					"$(inherited)",
					"$(MonkeyDevPath)/Frameworks",
					"$(MonkeyDevTheosPath)/vendor/lib/**",
				);
				MonkeyDevPath = /opt/MonkeyDev;
				MonkeyDevTheosPath = /opt/theos;
				OTHER_CFLAGS = (
					"$(inherited)",
					"-DTHEOS_INSTANCE_NAME=\"\\\"QQDylib\\\"\"",
				);
				OTHER_LDFLAGS = (
					"$(inherited)",
					"-weak_library",
					"/usr/lib/libc++.dylib",
					"-weak_library",
					"/usr/lib/libstdc++.dylib",
					"-weak_library",
					"$(MonkeyDevPath)/Frameworks/libsubstrate.dylib",
					"-lcycript",
					"-framework",
					RevealServer,
				);
				PRODUCT_NAME = "$(TARGET_NAME)";
				TARGETED_DEVICE_FAMILY = "1,2";
				VALIDATE_PRODUCT = NO;
			};
			name = Debug;
		};
		6E9B47252143FEF7006C6108 /* Release */ = {
			isa = XCBuildConfiguration;
			buildSettings = {
				CODE_SIGN_STYLE = Automatic;
				COPY_PHASE_STRIP = YES;
				DEVELOPMENT_TEAM = E8Y69BKJ78;
				DYLIB_COMPATIBILITY_VERSION = 1;
				DYLIB_CURRENT_VERSION = 1;
				ENABLE_BITCODE = NO;
				EXCLUDED_RECURSIVE_SEARCH_PATH_SUBDIRECTORIES = "*.nib *.lproj *.gch (*) .DS_Store CVS .svn .git .hg *.xcodeproj *.xcode *.pbproj *.pbxproj";
				EXECUTABLE_PREFIX = lib;
				FRAMEWORK_SEARCH_PATHS = (
					"$(inherited)",
					"$(MonkeyDevPath)/Frameworks/**",
					"$(MonkeyDevPath)/Librarys/**",
					"$(MonkeyDevTheosPath)/vendor/lib",
				);
				GCC_C_LANGUAGE_STANDARD = gnu99;
				GCC_PRECOMPILE_PREFIX_HEADER = YES;
				GCC_PREFIX_HEADER = "QQDylib/QQDylib-Prefix.pch";
				GCC_WARN_ABOUT_MISSING_PROTOTYPES = YES;
				GCC_WARN_ABOUT_RETURN_TYPE = YES;
				HEADER_SEARCH_PATHS = (
					"$(inherited)",
					"$(MonkeyDevPath)/include",
					"$(MonkeyDevTheosPath)/vendor/include/**",
				);
				INSTALL_PATH = "@executable_path/Frameworks/libQQDylib.dylib";
				LD_RUNPATH_SEARCH_PATHS = (
					"$(inherited)",
					"@executable_path/Frameworks",
				);
				LIBRARY_SEARCH_PATHS = (
					"$(inherited)",
					"$(MonkeyDevPath)/Frameworks",
					"$(MonkeyDevTheosPath)/vendor/lib/**",
				);
				MonkeyDevPath = /opt/MonkeyDev;
				MonkeyDevTheosPath = /opt/theos;
				OTHER_CFLAGS = (
					"$(inherited)",
					"-DTHEOS_INSTANCE_NAME=\"\\\"QQDylib\\\"\"",
				);
				OTHER_LDFLAGS = (
					"$(inherited)",
					"-weak_library",
					"/usr/lib/libc++.dylib",
					"-weak_library",
					"/usr/lib/libstdc++.dylib",
					"-weak_library",
					"$(MonkeyDevPath)/Frameworks/libsubstrate.dylib",
				);
				PRODUCT_NAME = "$(TARGET_NAME)";
				TARGETED_DEVICE_FAMILY = "1,2";
			};
			name = Release;
		};
		6E9B47272143FEF7006C6108 /* Debug */ = {
			isa = XCBuildConfiguration;
			buildSettings = {
				CODE_SIGN_STYLE = Automatic;
				DEVELOPMENT_TEAM = E8Y69BKJ78;
				ENABLE_BITCODE = NO;
				INFOPLIST_FILE = QQ/Info.plist;
				MONKEYDEV_ADD_SUBSTRATE = YES;
				MONKEYDEV_CLASS_DUMP = NO;
				MONKEYDEV_INSERT_DYLIB = YES;
				MONKEYDEV_RESTORE_SYMBOL = NO;
				MONKEYDEV_TARGET_APP = Optional;
				PODS_CONFIGURATION_BUILD_DIR = "$BUILD_DIR/$(CONFIGURATION)$(EFFECTIVE_PLATFORM_NAME)";
				PODS_ROOT = "${SRCROOT}/Pods";
				PRODUCT_BUNDLE_IDENTIFIER = com.cezres.QQ;
				PRODUCT_NAME = "$(TARGET_NAME)";
				TARGETED_DEVICE_FAMILY = "1,2";
			};
			name = Debug;
		};
		6E9B47282143FEF7006C6108 /* Release */ = {
			isa = XCBuildConfiguration;
			buildSettings = {
				CODE_SIGN_STYLE = Automatic;
				DEVELOPMENT_TEAM = E8Y69BKJ78;
				ENABLE_BITCODE = NO;
				INFOPLIST_FILE = QQ/Info.plist;
				MONKEYDEV_ADD_SUBSTRATE = YES;
				MONKEYDEV_CLASS_DUMP = NO;
				MONKEYDEV_INSERT_DYLIB = YES;
				MONKEYDEV_RESTORE_SYMBOL = NO;
				MONKEYDEV_TARGET_APP = Optional;
				PODS_CONFIGURATION_BUILD_DIR = "$BUILD_DIR/$(CONFIGURATION)$(EFFECTIVE_PLATFORM_NAME)";
				PODS_ROOT = "${SRCROOT}/Pods";
				PRODUCT_BUNDLE_IDENTIFIER = com.cezres.QQ;
				PRODUCT_NAME = "$(TARGET_NAME)";
				TARGETED_DEVICE_FAMILY = "1,2";
			};
			name = Release;
		};
/* End XCBuildConfiguration section */

/* Begin XCConfigurationList section */
		6E9B46D32143FEF7006C6108 /* Build configuration list for PBXProject "QQ" */ = {
			isa = XCConfigurationList;
			buildConfigurations = (
				6E9B47212143FEF7006C6108 /* Debug */,
				6E9B47222143FEF7006C6108 /* Release */,
			);
			defaultConfigurationIsVisible = 0;
			defaultConfigurationName = Release;
		};
		6E9B47232143FEF7006C6108 /* Build configuration list for PBXNativeTarget "QQDylib" */ = {
			isa = XCConfigurationList;
			buildConfigurations = (
				6E9B47242143FEF7006C6108 /* Debug */,
				6E9B47252143FEF7006C6108 /* Release */,
			);
			defaultConfigurationIsVisible = 0;
			defaultConfigurationName = Release;
		};
		6E9B47262143FEF7006C6108 /* Build configuration list for PBXNativeTarget "QQ" */ = {
			isa = XCConfigurationList;
			buildConfigurations = (
				6E9B47272143FEF7006C6108 /* Debug */,
				6E9B47282143FEF7006C6108 /* Release */,
			);
			defaultConfigurationIsVisible = 0;
			defaultConfigurationName = Release;
		};
/* End XCConfigurationList section */
	};
	rootObject = 6E9B46D02143FEF7006C6108 /* Project object */;
}
